
Microsoft Visual Studio Solution File, Format Version 12.00
# Visual Studio Version 17
VisualStudioVersion = 17.2.32516.85
MinimumVisualStudioVersion = 10.0.40219.1
Project("{9A19103F-16F7-4668-BE54-9A1E7A4F7556}") = "LabelServiceConnectorApp", "LabelServiceConnectorApp\LabelServiceConnectorApp.csproj", "{DD3BFB07-496F-4065-ACC2-E7355985ECDE}"
EndProject
Project("{9A19103F-16F7-4668-BE54-9A1E7A4F7556}") = "KeyEncryptorUtil", "KeyEncryptorUtil\KeyEncryptorUtil.csproj", "{D56E7AF6-B1B7-46FE-A1B4-37036A14B01F}"
EndProject
Project("{9A19103F-16F7-4668-BE54-9A1E7A4F7556}") = "KeyEncryptorLib", "KeyEncryptorLib\KeyEncryptorLib.csproj", "{B8292CF4-134D-47D9-A44D-43E2FF89C61A}"
EndProject
Project("{9A19103F-16F7-4668-BE54-9A1E7A4F7556}") = "SendCloudApi.Net", "SendCloudApi.Net\SendCloudApi.Net.csproj", "{06CE0205-53ED-4F3A-AC47-70C60809A9B4}"
EndProject
Project("{FAE04EC0-301F-11D3-BF4B-00C04F79EFBC}") = "LabelServiceConnector.Lib", "LabelServiceConnector.Lib\LabelServiceConnector.Lib.csproj", "{5752481D-E815-4ADD-9C55-A6CC60E2F5FC}"
EndProject
Global
	GlobalSection(SolutionConfigurationPlatforms) = preSolution
		Debug|Any CPU = Debug|Any CPU
		Release|Any CPU = Release|Any CPU
	EndGlobalSection
	GlobalSection(ProjectConfigurationPlatforms) = postSolution
		{DD3BFB07-496F-4065-ACC2-E7355985ECDE}.Debug|Any CPU.ActiveCfg = Debug|Any CPU
		{DD3BFB07-496F-4065-ACC2-E7355985ECDE}.Debug|Any CPU.Build.0 = Debug|Any CPU
		{DD3BFB07-496F-4065-ACC2-E7355985ECDE}.Release|Any CPU.ActiveCfg = Release|Any CPU
		{DD3BFB07-496F-4065-ACC2-E7355985ECDE}.Release|Any CPU.Build.0 = Release|Any CPU
		{D56E7AF6-B1B7-46FE-A1B4-37036A14B01F}.Debug|Any CPU.ActiveCfg = Debug|Any CPU
		{D56E7AF6-B1B7-46FE-A1B4-37036A14B01F}.Debug|Any CPU.Build.0 = Debug|Any CPU
		{D56E7AF6-B1B7-46FE-A1B4-37036A14B01F}.Release|Any CPU.ActiveCfg = Release|Any CPU
		{D56E7AF6-B1B7-46FE-A1B4-37036A14B01F}.Release|Any CPU.Build.0 = Release|Any CPU
		{B8292CF4-134D-47D9-A44D-43E2FF89C61A}.Debug|Any CPU.ActiveCfg = Debug|Any CPU
		{B8292CF4-134D-47D9-A44D-43E2FF89C61A}.Debug|Any CPU.Build.0 = Debug|Any CPU
		{B8292CF4-134D-47D9-A44D-43E2FF89C61A}.Release|Any CPU.ActiveCfg = Release|Any CPU
		{B8292CF4-134D-47D9-A44D-43E2FF89C61A}.Release|Any CPU.Build.0 = Release|Any CPU
		{06CE0205-53ED-4F3A-AC47-70C60809A9B4}.Debug|Any CPU.ActiveCfg = Debug|Any CPU
		{06CE0205-53ED-4F3A-AC47-70C60809A9B4}.Debug|Any CPU.Build.0 = Debug|Any CPU
		{06CE0205-53ED-4F3A-AC47-70C60809A9B4}.Release|Any CPU.ActiveCfg = Release|Any CPU
		{06CE0205-53ED-4F3A-AC47-70C60809A9B4}.Release|Any CPU.Build.0 = Release|Any CPU
		{5752481D-E815-4ADD-9C55-A6CC60E2F5FC}.Debug|Any CPU.ActiveCfg = Debug|Any CPU
		{5752481D-E815-4ADD-9C55-A6CC60E2F5FC}.Debug|Any CPU.Build.0 = Debug|Any CPU
		{5752481D-E815-4ADD-9C55-A6CC60E2F5FC}.Release|Any CPU.ActiveCfg = Release|Any CPU
		{5752481D-E815-4ADD-9C55-A6CC60E2F5FC}.Release|Any CPU.Build.0 = Release|Any CPU
	EndGlobalSection
	GlobalSection(SolutionProperties) = preSolution
		HideSolutionNode = FALSE
	EndGlobalSection
	GlobalSection(ExtensibilityGlobals) = postSolution
		SolutionGuid = {9831597F-FC61-4ED7-98C2-FA22A1385939}
	EndGlobalSection
EndGlobal
